
Microsoft Visual Studio Solution File, Format Version 12.00
# Visual Studio Version 17
VisualStudioVersion = 17.10.34916.146
MinimumVisualStudioVersion = 10.0.40219.1
Project("{FAE04EC0-301F-11D3-BF4B-00C04F79EFBC}") = "Titans.Uptime.Api", "Titans.Uptime.Api\Titans.Uptime.Api.csproj", "{6FFE4CA0-F1FC-45A2-B9DA-02F2CB20ED4B}"
EndProject
Project("{FAE04EC0-301F-11D3-BF4B-00C04F79EFBC}") = "Titans.Uptime.Domain", "Titans.Uptime.Domain\Titans.Uptime.Domain.csproj", "{227A17EA-64AF-4B3B-A955-07B0FAD1378D}"
EndProject
Project("{FAE04EC0-301F-11D3-BF4B-00C04F79EFBC}") = "Titans.Uptime.Application", "Titans.Uptime.Application\Titans.Uptime.Application.csproj", "{8A46C317-6C68-4FFD-BFE4-5486A771C986}"
EndProject
Project("{FAE04EC0-301F-11D3-BF4B-00C04F79EFBC}") = "Titans.Uptime.Persistence", "Titans.Uptime.Persistence\Titans.Uptime.Persistence.csproj", "{9445EFF2-4D7B-4E26-BD21-1FC2378A270C}"
EndProject
Project("{FAE04EC0-301F-11D3-BF4B-00C04F79EFBC}") = "Titans.Uptime.Tests", "Titans.Uptime.Tests\Titans.Uptime.Tests.csproj", "{7248A3A6-7912-4139-B685-FC849FCDAD11}"
EndProject
Global
	GlobalSection(SolutionConfigurationPlatforms) = preSolution
		Debug|Any CPU = Debug|Any CPU
		Release|Any CPU = Release|Any CPU
	EndGlobalSection
	GlobalSection(ProjectConfigurationPlatforms) = postSolution
		{6FFE4CA0-F1FC-45A2-B9DA-02F2CB20ED4B}.Debug|Any CPU.ActiveCfg = Debug|Any CPU
		{6FFE4CA0-F1FC-45A2-B9DA-02F2CB20ED4B}.Debug|Any CPU.Build.0 = Debug|Any CPU
		{6FFE4CA0-F1FC-45A2-B9DA-02F2CB20ED4B}.Release|Any CPU.ActiveCfg = Release|Any CPU
		{6FFE4CA0-F1FC-45A2-B9DA-02F2CB20ED4B}.Release|Any CPU.Build.0 = Release|Any CPU
		{227A17EA-64AF-4B3B-A955-07B0FAD1378D}.Debug|Any CPU.ActiveCfg = Debug|Any CPU
		{227A17EA-64AF-4B3B-A955-07B0FAD1378D}.Debug|Any CPU.Build.0 = Debug|Any CPU
		{227A17EA-64AF-4B3B-A955-07B0FAD1378D}.Release|Any CPU.ActiveCfg = Release|Any CPU
		{227A17EA-64AF-4B3B-A955-07B0FAD1378D}.Release|Any CPU.Build.0 = Release|Any CPU
		{8A46C317-6C68-4FFD-BFE4-5486A771C986}.Debug|Any CPU.ActiveCfg = Debug|Any CPU
		{8A46C317-6C68-4FFD-BFE4-5486A771C986}.Debug|Any CPU.Build.0 = Debug|Any CPU
		{8A46C317-6C68-4FFD-BFE4-5486A771C986}.Release|Any CPU.ActiveCfg = Release|Any CPU
		{8A46C317-6C68-4FFD-BFE4-5486A771C986}.Release|Any CPU.Build.0 = Release|Any CPU
		{9445EFF2-4D7B-4E26-BD21-1FC2378A270C}.Debug|Any CPU.ActiveCfg = Debug|Any CPU
		{9445EFF2-4D7B-4E26-BD21-1FC2378A270C}.Debug|Any CPU.Build.0 = Debug|Any CPU
		{9445EFF2-4D7B-4E26-BD21-1FC2378A270C}.Release|Any CPU.ActiveCfg = Release|Any CPU
		{9445EFF2-4D7B-4E26-BD21-1FC2378A270C}.Release|Any CPU.Build.0 = Release|Any CPU
		{7248A3A6-7912-4139-B685-FC849FCDAD11}.Debug|Any CPU.ActiveCfg = Debug|Any CPU
		{7248A3A6-7912-4139-B685-FC849FCDAD11}.Debug|Any CPU.Build.0 = Debug|Any CPU
		{7248A3A6-7912-4139-B685-FC849FCDAD11}.Release|Any CPU.ActiveCfg = Release|Any CPU
		{7248A3A6-7912-4139-B685-FC849FCDAD11}.Release|Any CPU.Build.0 = Release|Any CPU
	EndGlobalSection
	GlobalSection(SolutionProperties) = preSolution
		HideSolutionNode = FALSE
	EndGlobalSection
	GlobalSection(ExtensibilityGlobals) = postSolution
		SolutionGuid = {10D8D86D-541E-46F5-9577-78F6E0769C03}
	EndGlobalSection
EndGlobal
